# This file is automatically @generated by Poetry 2.0.0 and should not be changed by hand.

[[package]]
name = "bitstruct"
version = "8.19.0"
description = "This module performs conversions between Python values and C bit field structs represented as Python byte strings."
optional = false
python-versions = ">=3.7"
groups = ["main"]
files = [
    {file = "bitstruct-8.19.0-cp310-cp310-macosx_10_9_x86_64.whl", hash = "sha256:7d1f3eb18ddc33ba73f5cbb55c885584bcec51c421ac3551b79edc0ffeaecc3d"},
    {file = "bitstruct-8.19.0-cp310-cp310-manylinux_2_17_x86_64.manylinux2014_x86_64.whl", hash = "sha256:a35e0b267d12438e6a7b28850a15d4cffe767db6fc443a406d0ead97fa1d7d5b"},
    {file = "bitstruct-8.19.0-cp310-cp310-manylinux_2_5_i686.manylinux1_i686.manylinux_2_17_i686.manylinux2014_i686.whl", hash = "sha256:5732aff5c8eb3a572f7b20d09fc4c213215f9e60c0e66f2910b31eb65b457744"},
    {file = "bitstruct-8.19.0-cp310-cp310-musllinux_1_1_i686.whl", hash = "sha256:bc8f1871b42b705eb34b8722c3ec358fbf1b97fd37a62693564ee72648afb100"},
    {file = "bitstruct-8.19.0-cp310-cp310-musllinux_1_1_x86_64.whl", hash = "sha256:01bdfc3adbe15b05ba27ab6dce7959caa29a000f066201944b29c64bb8888f03"},
    {file = "bitstruct-8.19.0-cp310-cp310-win32.whl", hash = "sha256:961845a29333119b70dd9aab54bc714bf9ba5efefc55cb4c747c35c1390b8842"},
    {file = "bitstruct-8.19.0-cp310-cp310-win_amd64.whl", hash = "sha256:9fbe12d464db909f58d5e2a2485b3047a488fa1373e8f74b22d6759ee6b2437a"},
    {file = "bitstruct-8.19.0-cp311-cp311-macosx_10_9_x86_64.whl", hash = "sha256:1300cd635814e40b1f4105aa4f404cb5d1b8cc54e06e267ba1616725f9c2beea"},
    {file = "bitstruct-8.19.0-cp311-cp311-manylinux_2_17_x86_64.manylinux2014_x86_64.whl", hash = "sha256:0e2fb23b5973ce1e9f349c4dc90873eeff9800fe917ffd345f39b9b964f6d119"},
    {file = "bitstruct-8.19.0-cp311-cp311-manylinux_2_5_i686.manylinux1_i686.manylinux_2_17_i686.manylinux2014_i686.whl", hash = "sha256:59e0c18d557474d8452c4f8b59320fd4d9efcf52eae2144bdf317d25c64dcf85"},
    {file = "bitstruct-8.19.0-cp311-cp311-musllinux_1_1_i686.whl", hash = "sha256:bba06607f956cc39ceee19fd11b542e8e66a43180d48fa36c4609443893c273e"},
    {file = "bitstruct-8.19.0-cp311-cp311-musllinux_1_1_x86_64.whl", hash = "sha256:f2fa607d111077145e6374d49be6098f33e7cee0967b42cfc117df53eee13332"},
    {file = "bitstruct-8.19.0-cp311-cp311-win32.whl", hash = "sha256:abdb7bdb5b04c2f1bbda0eae828c627252243ddc042aea6b72af8fcc63696598"},
    {file = "bitstruct-8.19.0-cp311-cp311-win_amd64.whl", hash = "sha256:464f102999402a2624ee3106dbfa1f3745810036814a33e6bc706b7d312c480f"},
    {file = "bitstruct-8.19.0-cp312-cp312-macosx_10_9_x86_64.whl", hash = "sha256:55768b1f5e33594178f0b3e1596b89d831b006713a60caa09de61fd385bf22b1"},
    {file = "bitstruct-8.19.0-cp312-cp312-manylinux_2_17_x86_64.manylinux2014_x86_64.whl", hash = "sha256:c026a7cf8d954ef53cf4d0ae5ee3dd1ac66e24e9a474c5afe55467ab7d609f2e"},
    {file = "bitstruct-8.19.0-cp312-cp312-manylinux_2_5_i686.manylinux1_i686.manylinux_2_17_i686.manylinux2014_i686.whl", hash = "sha256:7488fd4e2fde3d8111971e2040cd5b008be918381afc80387d3fdf047c801293"},
    {file = "bitstruct-8.19.0-cp312-cp312-musllinux_1_1_i686.whl", hash = "sha256:45b66e20633f1e083e37fa396c81761e0fc688ffa06ff5559e990e37234f9e18"},
    {file = "bitstruct-8.19.0-cp312-cp312-musllinux_1_1_x86_64.whl", hash = "sha256:9c1542d5ae888ebc31614775938bfd13454f0d897dc2515363a4607efadc990b"},
    {file = "bitstruct-8.19.0-cp312-cp312-win32.whl", hash = "sha256:7ea57e4e793b595cd3e037920852f2c676b4f5f1734c41985db3f48783928e2c"},
    {file = "bitstruct-8.19.0-cp312-cp312-win_amd64.whl", hash = "sha256:1c4d9b75248adee84e7e6c95bf95966f152b78363cb20a81920da2aeadc4375f"},
    {file = "bitstruct-8.19.0-cp37-cp37m-macosx_10_9_x86_64.whl", hash = "sha256:7b4745b099d3d85307495e25ff0f265deeea675621dcecb25ba059ee68ce88d5"},
    {file = "bitstruct-8.19.0-cp37-cp37m-manylinux_2_17_x86_64.manylinux2014_x86_64.whl", hash = "sha256:645da560acd20dd73a1ef220e3ddc08e108866e30a708ef2f6193e0a3725113e"},
    {file = "bitstruct-8.19.0-cp37-cp37m-manylinux_2_5_i686.manylinux1_i686.manylinux_2_17_i686.manylinux2014_i686.whl", hash = "sha256:01402fbc3dba2286b3ac9b74d5936dd984736f928aacd371458a4b0cf95f0755"},
    {file = "bitstruct-8.19.0-cp37-cp37m-musllinux_1_1_i686.whl", hash = "sha256:2c5eda42d55db67072c6cf7cc79b1df1074269004bad119b79e4ad38cfa61877"},
    {file = "bitstruct-8.19.0-cp37-cp37m-musllinux_1_1_x86_64.whl", hash = "sha256:2ea093522b12ce714a3a95851a8c3dd97f620126bbe983eb261b3bf18ac945e7"},
    {file = "bitstruct-8.19.0-cp37-cp37m-win32.whl", hash = "sha256:da00da004830800323554e7a83f1f32a1f49345f5379476de4b5f6ae227ee962"},
    {file = "bitstruct-8.19.0-cp37-cp37m-win_amd64.whl", hash = "sha256:a0ca55fba25d6c631e17933f20cf87f553d7bceec7659e3de9ef48dc85ced2bf"},
    {file = "bitstruct-8.19.0-cp38-cp38-macosx_10_9_x86_64.whl", hash = "sha256:d3f6e3aeb598215062c505a06135fbdfa3bb4eeb249b55f87e865a86b3fd9e99"},
    {file = "bitstruct-8.19.0-cp38-cp38-manylinux_2_17_x86_64.manylinux2014_x86_64.whl", hash = "sha256:df74c72feba80014b05ab6f1e1a0bb90be9f9e7eb60a9bab1e00728f7f46d79d"},
    {file = "bitstruct-8.19.0-cp38-cp38-manylinux_2_5_i686.manylinux1_i686.manylinux_2_17_i686.manylinux2014_i686.whl", hash = "sha256:976c39ad771c6773d6fbd14d71e62242d5b3bca7b72428fd183e1f1085d5e858"},
    {file = "bitstruct-8.19.0-cp38-cp38-musllinux_1_1_i686.whl", hash = "sha256:d2c176ff6727206805760f45c2151468aed843256aa239c14f4730b9e1d84fc7"},
    {file = "bitstruct-8.19.0-cp38-cp38-musllinux_1_1_x86_64.whl", hash = "sha256:d7774e2a51e254ef1ba98a1ee38573c819d4ee7e396d5121c5ecae17df927501"},
    {file = "bitstruct-8.19.0-cp38-cp38-win32.whl", hash = "sha256:b86d192d658eaf35f10efb2e1940ec755cc28e081f46de294a2e91a74ea298aa"},
    {file = "bitstruct-8.19.0-cp38-cp38-win_amd64.whl", hash = "sha256:5e7f78aedec2881017026eb7f7ab79514aef09a24afd8acf5fa8c73b1cd0e9f4"},
    {file = "bitstruct-8.19.0-cp39-cp39-macosx_10_9_x86_64.whl", hash = "sha256:2bb49acc2ccc6efd3c9613cae8f7e1316c92f832bff860a6fcb78a4275974e90"},
    {file = "bitstruct-8.19.0-cp39-cp39-manylinux_2_17_x86_64.manylinux2014_x86_64.whl", hash = "sha256:7bed7b2761c18a515298145a4f67b6c71ce302453fe7d87ec6b7d2e77fd3c22b"},
    {file = "bitstruct-8.19.0-cp39-cp39-manylinux_2_5_i686.manylinux1_i686.manylinux_2_17_i686.manylinux2014_i686.whl", hash = "sha256:8d0cafd2e2974c4bbe349fb67951d43d221ea304218c2ee65f9fe4c62acabc2f"},
    {file = "bitstruct-8.19.0-cp39-cp39-musllinux_1_1_i686.whl", hash = "sha256:d9ba0299f624e7c8ea1eec926fc77741f82ffc5b3c3ba4f89303d33d5605f4d8"},
    {file = "bitstruct-8.19.0-cp39-cp39-musllinux_1_1_x86_64.whl", hash = "sha256:bfa0326057c9b02c4e65e74e45b9914a7f8c59590a8e718e20a899a02b41f2e6"},
    {file = "bitstruct-8.19.0-cp39-cp39-win32.whl", hash = "sha256:14c3ebdec92c486142327d934cb451d96b411543ec6f72aeb2b4b4334e9408bf"},
    {file = "bitstruct-8.19.0-cp39-cp39-win_amd64.whl", hash = "sha256:7836852d5c15444e87a2029f922b48717e6e199d2332d55e8738e92d8590987e"},
    {file = "bitstruct-8.19.0.tar.gz", hash = "sha256:d75ba9dded85c17e885a209a00eb8e248ee40762149f2f2a79360ca857467dac"},
]

[[package]]
name = "miqro"
version = "1.2.0"
description = "MIQRO is an MQTT Micro-Service Library for Python"
optional = false
python-versions = ">=3.6,<4.0"
groups = ["main"]
files = [
    {file = "miqro-1.2.0-py3-none-any.whl", hash = "sha256:dd2573794d1226e3df06f6977ace0a04f9b7b8b9c3ac4098eb4597f1682894df"},
    {file = "miqro-1.2.0.tar.gz", hash = "sha256:94f4de1642a50b938932680da2b10f496e6945beb6698dc9392785872add9830"},
]

[package.dependencies]
paho-mqtt = ">=1.6.1,<2.0.0"
PyYAML = ">=6.0,<7.0"

[[package]]
name = "paho-mqtt"
version = "1.6.1"
description = "MQTT version 5.0/3.1.1 client class"
optional = false
python-versions = "*"
groups = ["main"]
files = [
    {file = "paho-mqtt-1.6.1.tar.gz", hash = "sha256:2a8291c81623aec00372b5a85558a372c747cbca8e9934dfe218638b8eefc26f"},
]

[package.extras]
proxy = ["PySocks"]

[[package]]
name = "pyserial"
version = "3.5"
description = "Python Serial Port Extension"
optional = false
python-versions = "*"
groups = ["main"]
files = [
    {file = "pyserial-3.5-py2.py3-none-any.whl", hash = "sha256:c4451db6ba391ca6ca299fb3ec7bae67a5c55dde170964c7a14ceefec02f2cf0"},
    {file = "pyserial-3.5.tar.gz", hash = "sha256:3c77e014170dfffbd816e6ffc205e9842efb10be9f58ec16d3e8675b4925cddb"},
]

[package.extras]
cp2110 = ["hidapi"]

[[package]]
name = "pyyaml"
version = "6.0.1"
description = "YAML parser and emitter for Python"
optional = false
python-versions = ">=3.6"
groups = ["main"]
files = [
    {file = "PyYAML-6.0.1-cp310-cp310-macosx_10_9_x86_64.whl", hash = "sha256:d858aa552c999bc8a8d57426ed01e40bef403cd8ccdd0fc5f6f04a00414cac2a"},
    {file = "PyYAML-6.0.1-cp310-cp310-macosx_11_0_arm64.whl", hash = "sha256:fd66fc5d0da6d9815ba2cebeb4205f95818ff4b79c3ebe268e75d961704af52f"},
    {file = "PyYAML-6.0.1-cp310-cp310-manylinux_2_17_aarch64.manylinux2014_aarch64.whl", hash = "sha256:69b023b2b4daa7548bcfbd4aa3da05b3a74b772db9e23b982788168117739938"},
    {file = "PyYAML-6.0.1-cp310-cp310-manylinux_2_17_s390x.manylinux2014_s390x.whl", hash = "sha256:81e0b275a9ecc9c0c0c07b4b90ba548307583c125f54d5b6946cfee6360c733d"},
    {file = "PyYAML-6.0.1-cp310-cp310-manylinux_2_17_x86_64.manylinux2014_x86_64.whl", hash = "sha256:ba336e390cd8e4d1739f42dfe9bb83a3cc2e80f567d8805e11b46f4a943f5515"},
    {file = "PyYAML-6.0.1-cp310-cp310-musllinux_1_1_x86_64.whl", hash = "sha256:326c013efe8048858a6d312ddd31d56e468118ad4cdeda36c719bf5bb6192290"},
    {file = "PyYAML-6.0.1-cp310-cp310-win32.whl", hash = "sha256:bd4af7373a854424dabd882decdc5579653d7868b8fb26dc7d0e99f823aa5924"},
    {file = "PyYAML-6.0.1-cp310-cp310-win_amd64.whl", hash = "sha256:fd1592b3fdf65fff2ad0004b5e363300ef59ced41c2e6b3a99d4089fa8c5435d"},
    {file = "PyYAML-6.0.1-cp311-cp311-macosx_10_9_x86_64.whl", hash = "sha256:6965a7bc3cf88e5a1c3bd2e0b5c22f8d677dc88a455344035f03399034eb3007"},
    {file = "PyYAML-6.0.1-cp311-cp311-macosx_11_0_arm64.whl", hash = "sha256:f003ed9ad21d6a4713f0a9b5a7a0a79e08dd0f221aff4525a2be4c346ee60aab"},
    {file = "PyYAML-6.0.1-cp311-cp311-manylinux_2_17_aarch64.manylinux2014_aarch64.whl", hash = "sha256:42f8152b8dbc4fe7d96729ec2b99c7097d656dc1213a3229ca5383f973a5ed6d"},
    {file = "PyYAML-6.0.1-cp311-cp311-manylinux_2_17_s390x.manylinux2014_s390x.whl", hash = "sha256:062582fca9fabdd2c8b54a3ef1c978d786e0f6b3a1510e0ac93ef59e0ddae2bc"},
    {file = "PyYAML-6.0.1-cp311-cp311-manylinux_2_17_x86_64.manylinux2014_x86_64.whl", hash = "sha256:d2b04aac4d386b172d5b9692e2d2da8de7bfb6c387fa4f801fbf6fb2e6ba4673"},
    {file = "PyYAML-6.0.1-cp311-cp311-musllinux_1_1_x86_64.whl", hash = "sha256:e7d73685e87afe9f3b36c799222440d6cf362062f78be1013661b00c5c6f678b"},
    {file = "PyYAML-6.0.1-cp311-cp311-win32.whl", hash = "sha256:1635fd110e8d85d55237ab316b5b011de701ea0f29d07611174a1b42f1444741"},
    {file = "PyYAML-6.0.1-cp311-cp311-win_amd64.whl", hash = "sha256:bf07ee2fef7014951eeb99f56f39c9bb4af143d8aa3c21b1677805985307da34"},
    {file = "PyYAML-6.0.1-cp312-cp312-macosx_10_9_x86_64.whl", hash = "sha256:855fb52b0dc35af121542a76b9a84f8d1cd886ea97c84703eaa6d88e37a2ad28"},
    {file = "PyYAML-6.0.1-cp312-cp312-macosx_11_0_arm64.whl", hash = "sha256:40df9b996c2b73138957fe23a16a4f0ba614f4c0efce1e9406a184b6d07fa3a9"},
    {file = "PyYAML-6.0.1-cp312-cp312-manylinux_2_17_aarch64.manylinux2014_aarch64.whl", hash = "sha256:a08c6f0fe150303c1c6b71ebcd7213c2858041a7e01975da3a99aed1e7a378ef"},
    {file = "PyYAML-6.0.1-cp312-cp312-manylinux_2_17_x86_64.manylinux2014_x86_64.whl", hash = "sha256:6c22bec3fbe2524cde73d7ada88f6566758a8f7227bfbf93a408a9d86bcc12a0"},
    {file = "PyYAML-6.0.1-cp312-cp312-musllinux_1_1_x86_64.whl", hash = "sha256:8d4e9c88387b0f5c7d5f281e55304de64cf7f9c0021a3525bd3b1c542da3b0e4"},
    {file = "PyYAML-6.0.1-cp312-cp312-win32.whl", hash = "sha256:d483d2cdf104e7c9fa60c544d92981f12ad66a457afae824d146093b8c294c54"},
    {file = "PyYAML-6.0.1-cp312-cp312-win_amd64.whl", hash = "sha256:0d3304d8c0adc42be59c5f8a4d9e3d7379e6955ad754aa9d6ab7a398b59dd1df"},
    {file = "PyYAML-6.0.1-cp36-cp36m-macosx_10_9_x86_64.whl", hash = "sha256:50550eb667afee136e9a77d6dc71ae76a44df8b3e51e41b77f6de2932bfe0f47"},
    {file = "PyYAML-6.0.1-cp36-cp36m-manylinux_2_17_aarch64.manylinux2014_aarch64.whl", hash = "sha256:1fe35611261b29bd1de0070f0b2f47cb6ff71fa6595c077e42bd0c419fa27b98"},
    {file = "PyYAML-6.0.1-cp36-cp36m-manylinux_2_17_s390x.manylinux2014_s390x.whl", hash = "sha256:704219a11b772aea0d8ecd7058d0082713c3562b4e271b849ad7dc4a5c90c13c"},
    {file = "PyYAML-6.0.1-cp36-cp36m-manylinux_2_17_x86_64.manylinux2014_x86_64.whl", hash = "sha256:afd7e57eddb1a54f0f1a974bc4391af8bcce0b444685d936840f125cf046d5bd"},
    {file = "PyYAML-6.0.1-cp36-cp36m-win32.whl", hash = "sha256:fca0e3a251908a499833aa292323f32437106001d436eca0e6e7833256674585"},
    {file = "PyYAML-6.0.1-cp36-cp36m-win_amd64.whl", hash = "sha256:f22ac1c3cac4dbc50079e965eba2c1058622631e526bd9afd45fedd49ba781fa"},
    {file = "PyYAML-6.0.1-cp37-cp37m-macosx_10_9_x86_64.whl", hash = "sha256:b1275ad35a5d18c62a7220633c913e1b42d44b46ee12554e5fd39c70a243d6a3"},
    {file = "PyYAML-6.0.1-cp37-cp37m-manylinux_2_17_aarch64.manylinux2014_aarch64.whl", hash = "sha256:18aeb1bf9a78867dc38b259769503436b7c72f7a1f1f4c93ff9a17de54319b27"},
    {file = "PyYAML-6.0.1-cp37-cp37m-manylinux_2_17_s390x.manylinux2014_s390x.whl", hash = "sha256:596106435fa6ad000c2991a98fa58eeb8656ef2325d7e158344fb33864ed87e3"},
    {file = "PyYAML-6.0.1-cp37-cp37m-manylinux_2_17_x86_64.manylinux2014_x86_64.whl", hash = "sha256:baa90d3f661d43131ca170712d903e6295d1f7a0f595074f151c0aed377c9b9c"},
    {file = "PyYAML-6.0.1-cp37-cp37m-win32.whl", hash = "sha256:9046c58c4395dff28dd494285c82ba00b546adfc7ef001486fbf0324bc174fba"},
    {file = "PyYAML-6.0.1-cp37-cp37m-win_amd64.whl", hash = "sha256:4fb147e7a67ef577a588a0e2c17b6db51dda102c71de36f8549b6816a96e1867"},
    {file = "PyYAML-6.0.1-cp38-cp38-macosx_10_9_x86_64.whl", hash = "sha256:1d4c7e777c441b20e32f52bd377e0c409713e8bb1386e1099c2415f26e479595"},
    {file = "PyYAML-6.0.1-cp38-cp38-manylinux_2_17_aarch64.manylinux2014_aarch64.whl", hash = "sha256:a0cd17c15d3bb3fa06978b4e8958dcdc6e0174ccea823003a106c7d4d7899ac5"},
    {file = "PyYAML-6.0.1-cp38-cp38-manylinux_2_17_s390x.manylinux2014_s390x.whl", hash = "sha256:28c119d996beec18c05208a8bd78cbe4007878c6dd15091efb73a30e90539696"},
    {file = "PyYAML-6.0.1-cp38-cp38-manylinux_2_17_x86_64.manylinux2014_x86_64.whl", hash = "sha256:7e07cbde391ba96ab58e532ff4803f79c4129397514e1413a7dc761ccd755735"},
    {file = "PyYAML-6.0.1-cp38-cp38-musllinux_1_1_x86_64.whl", hash = "sha256:49a183be227561de579b4a36efbb21b3eab9651dd81b1858589f796549873dd6"},
    {file = "PyYAML-6.0.1-cp38-cp38-win32.whl", hash = "sha256:184c5108a2aca3c5b3d3bf9395d50893a7ab82a38004c8f61c258d4428e80206"},
    {file = "PyYAML-6.0.1-cp38-cp38-win_amd64.whl", hash = "sha256:1e2722cc9fbb45d9b87631ac70924c11d3a401b2d7f410cc0e3bbf249f2dca62"},
    {file = "PyYAML-6.0.1-cp39-cp39-macosx_10_9_x86_64.whl", hash = "sha256:9eb6caa9a297fc2c2fb8862bc5370d0303ddba53ba97e71f08023b6cd73d16a8"},
    {file = "PyYAML-6.0.1-cp39-cp39-macosx_11_0_arm64.whl", hash = "sha256:c8098ddcc2a85b61647b2590f825f3db38891662cfc2fc776415143f599bb859"},
    {file = "PyYAML-6.0.1-cp39-cp39-manylinux_2_17_aarch64.manylinux2014_aarch64.whl", hash = "sha256:5773183b6446b2c99bb77e77595dd486303b4faab2b086e7b17bc6bef28865f6"},
    {file = "PyYAML-6.0.1-cp39-cp39-manylinux_2_17_s390x.manylinux2014_s390x.whl", hash = "sha256:b786eecbdf8499b9ca1d697215862083bd6d2a99965554781d0d8d1ad31e13a0"},
    {file = "PyYAML-6.0.1-cp39-cp39-manylinux_2_17_x86_64.manylinux2014_x86_64.whl", hash = "sha256:bc1bf2925a1ecd43da378f4db9e4f799775d6367bdb94671027b73b393a7c42c"},
    {file = "PyYAML-6.0.1-cp39-cp39-musllinux_1_1_x86_64.whl", hash = "sha256:04ac92ad1925b2cff1db0cfebffb6ffc43457495c9b3c39d3fcae417d7125dc5"},
    {file = "PyYAML-6.0.1-cp39-cp39-win32.whl", hash = "sha256:faca3bdcf85b2fc05d06ff3fbc1f83e1391b3e724afa3feba7d13eeab355484c"},
    {file = "PyYAML-6.0.1-cp39-cp39-win_amd64.whl", hash = "sha256:510c9deebc5c0225e8c96813043e62b680ba2f9c50a08d3724c7f28a747d1486"},
    {file = "PyYAML-6.0.1.tar.gz", hash = "sha256:bfdf460b1736c775f2ba9f6a92bca30bc2095067b8a9d77876d1fad6cc3b4a43"},
]

[extras]
truma-service = ["paho-mqtt"]

[metadata]
lock-version = "2.1"
python-versions = "^3.7"
content-hash = "73e49eb96131df36c9ef6e64e9c2029548d1427cdd1424d6514ed2f136d73eb5"
